
Microsoft Visual Studio Solution File, Format Version 12.00
# Visual Studio Version 16
VisualStudioVersion = 16.0.31702.278
MinimumVisualStudioVersion = 10.0.40219.1
Project("{FAE04EC0-301F-11D3-BF4B-00C04F79EFBC}") = "BakfietsenHuren", "BakfietsenHuren\BakfietsenHuren.csproj", "{5782A246-B006-4DE4-937F-4A8204ECEF42}"
EndProject
Global
	GlobalSection(SolutionConfigurationPlatforms) = preSolution
		Debug|Any CPU = Debug|Any CPU
		Release|Any CPU = Release|Any CPU
	EndGlobalSection
	GlobalSection(ProjectConfigurationPlatforms) = postSolution
		{5782A246-B006-4DE4-937F-4A8204ECEF42}.Debug|Any CPU.ActiveCfg = Debug|Any CPU
		{5782A246-B006-4DE4-937F-4A8204ECEF42}.Debug|Any CPU.Build.0 = Debug|Any CPU
		{5782A246-B006-4DE4-937F-4A8204ECEF42}.Release|Any CPU.ActiveCfg = Release|Any CPU
		{5782A246-B006-4DE4-937F-4A8204ECEF42}.Release|Any CPU.Build.0 = Release|Any CPU
	EndGlobalSection
	GlobalSection(SolutionProperties) = preSolution
		HideSolutionNode = FALSE
	EndGlobalSection
	GlobalSection(ExtensibilityGlobals) = postSolution
		SolutionGuid = {B505A342-239D-4554-A74A-20A27A9A700E}
	EndGlobalSection
EndGlobal
